
Microsoft Visual Studio Solution File, Format Version 12.00
# Visual Studio Version 16
VisualStudioVersion = 16.0.30621.155
MinimumVisualStudioVersion = 10.0.40219.1
Project("{9A19103F-16F7-4668-BE54-9A1E7A4F7556}") = "Matematica", "Matematica\Matematica.csproj", "{EDD8D8A2-085F-4E3A-828C-027C7CD157C8}"
EndProject
Project("{FAE04EC0-301F-11D3-BF4B-00C04F79EFBC}") = "ProgramasSoma", "ProgramasSoma\ProgramasSoma.csproj", "{F2F186D8-4E16-4158-BDD5-1E035DC8A69A}"
EndProject
Project("{FAE04EC0-301F-11D3-BF4B-00C04F79EFBC}") = "ProgramasSubitrair", "ProgramasSubitrair\ProgramasSubitrair.csproj", "{6D6AC363-E050-4C38-9FA7-2AE7FDBD2D9F}"
EndProject
Project("{FAE04EC0-301F-11D3-BF4B-00C04F79EFBC}") = "ProgramasMultiplicar", "ProgramasMultiplicar\ProgramasMultiplicar.csproj", "{37447B84-2CAA-4C00-A839-3A1572D448FE}"
EndProject
Project("{FAE04EC0-301F-11D3-BF4B-00C04F79EFBC}") = "ProgramasDivisao", "ProgramasDivisao\ProgramasDivisao.csproj", "{75D0FB77-EFBA-4B68-B778-3F79DFEC2E2B}"
EndProject
Global
	GlobalSection(SolutionConfigurationPlatforms) = preSolution
		Debug|Any CPU = Debug|Any CPU
		Release|Any CPU = Release|Any CPU
	EndGlobalSection
	GlobalSection(ProjectConfigurationPlatforms) = postSolution
		{EDD8D8A2-085F-4E3A-828C-027C7CD157C8}.Debug|Any CPU.ActiveCfg = Debug|Any CPU
		{EDD8D8A2-085F-4E3A-828C-027C7CD157C8}.Debug|Any CPU.Build.0 = Debug|Any CPU
		{EDD8D8A2-085F-4E3A-828C-027C7CD157C8}.Release|Any CPU.ActiveCfg = Release|Any CPU
		{EDD8D8A2-085F-4E3A-828C-027C7CD157C8}.Release|Any CPU.Build.0 = Release|Any CPU
		{F2F186D8-4E16-4158-BDD5-1E035DC8A69A}.Debug|Any CPU.ActiveCfg = Debug|Any CPU
		{F2F186D8-4E16-4158-BDD5-1E035DC8A69A}.Debug|Any CPU.Build.0 = Debug|Any CPU
		{F2F186D8-4E16-4158-BDD5-1E035DC8A69A}.Release|Any CPU.ActiveCfg = Release|Any CPU
		{F2F186D8-4E16-4158-BDD5-1E035DC8A69A}.Release|Any CPU.Build.0 = Release|Any CPU
		{6D6AC363-E050-4C38-9FA7-2AE7FDBD2D9F}.Debug|Any CPU.ActiveCfg = Debug|Any CPU
		{6D6AC363-E050-4C38-9FA7-2AE7FDBD2D9F}.Debug|Any CPU.Build.0 = Debug|Any CPU
		{6D6AC363-E050-4C38-9FA7-2AE7FDBD2D9F}.Release|Any CPU.ActiveCfg = Release|Any CPU
		{6D6AC363-E050-4C38-9FA7-2AE7FDBD2D9F}.Release|Any CPU.Build.0 = Release|Any CPU
		{37447B84-2CAA-4C00-A839-3A1572D448FE}.Debug|Any CPU.ActiveCfg = Debug|Any CPU
		{37447B84-2CAA-4C00-A839-3A1572D448FE}.Debug|Any CPU.Build.0 = Debug|Any CPU
		{37447B84-2CAA-4C00-A839-3A1572D448FE}.Release|Any CPU.ActiveCfg = Release|Any CPU
		{37447B84-2CAA-4C00-A839-3A1572D448FE}.Release|Any CPU.Build.0 = Release|Any CPU
		{75D0FB77-EFBA-4B68-B778-3F79DFEC2E2B}.Debug|Any CPU.ActiveCfg = Debug|Any CPU
		{75D0FB77-EFBA-4B68-B778-3F79DFEC2E2B}.Debug|Any CPU.Build.0 = Debug|Any CPU
		{75D0FB77-EFBA-4B68-B778-3F79DFEC2E2B}.Release|Any CPU.ActiveCfg = Release|Any CPU
		{75D0FB77-EFBA-4B68-B778-3F79DFEC2E2B}.Release|Any CPU.Build.0 = Release|Any CPU
	EndGlobalSection
	GlobalSection(SolutionProperties) = preSolution
		HideSolutionNode = FALSE
	EndGlobalSection
	GlobalSection(ExtensibilityGlobals) = postSolution
		SolutionGuid = {1AC49551-BFC8-46C3-A2E0-87A59E10ED08}
	EndGlobalSection
EndGlobal
